// !$*UTF8*$!
{
	archiveVersion = 1;
	classes = {
	};
	objectVersion = 50;
	objects = {

/* Begin PBXBuildFile section */
		30509FFFABF469FF6108B6CC /* Pods_UpTechTests.framework in Frameworks */ = {isa = PBXBuildFile; fileRef = F31A3432878E0C9A3BCC812D /* Pods_UpTechTests.framework */; };
		6C2E334B22D8CE3E0001A867 /* AppDelegate.swift in Sources */ = {isa = PBXBuildFile; fileRef = 6C2E334A22D8CE3E0001A867 /* AppDelegate.swift */; };
		6C2E335222D8CE3F0001A867 /* Assets.xcassets in Resources */ = {isa = PBXBuildFile; fileRef = 6C2E335122D8CE3F0001A867 /* Assets.xcassets */; };
		6C2E335522D8CE3F0001A867 /* LaunchScreen.storyboard in Resources */ = {isa = PBXBuildFile; fileRef = 6C2E335322D8CE3F0001A867 /* LaunchScreen.storyboard */; };
		6C4E4C4322DE261300C50957 /* ArticleListViewModel_unitTests.swift in Sources */ = {isa = PBXBuildFile; fileRef = 6C4E4C4222DE261300C50957 /* ArticleListViewModel_unitTests.swift */; };
		6C4E4C4522DE264000C50957 /* ArticleListModel_mok.swift in Sources */ = {isa = PBXBuildFile; fileRef = 6C4E4C4422DE264000C50957 /* ArticleListModel_mok.swift */; };
		6CA59C0F22D8CFA500FD9F85 /* NetworkManager.swift in Sources */ = {isa = PBXBuildFile; fileRef = 6CA59C0E22D8CFA500FD9F85 /* NetworkManager.swift */; };
		6CC51D9122DCD5C5005C3D91 /* DataStorageManager.swift in Sources */ = {isa = PBXBuildFile; fileRef = 6CF8665B22DA346500909AD6 /* DataStorageManager.swift */; };
		6CE9EA0222DB5F7F00439DB7 /* Array+Subscript.swift in Sources */ = {isa = PBXBuildFile; fileRef = 6CE9EA0122DB5F7F00439DB7 /* Array+Subscript.swift */; };
		6CF8665622D8DA2C00909AD6 /* UpTech.xcdatamodeld in Sources */ = {isa = PBXBuildFile; fileRef = 6CF8665422D8DA2C00909AD6 /* UpTech.xcdatamodeld */; };
		6CF8665922D8E9F900909AD6 /* ArticleModel.swift in Sources */ = {isa = PBXBuildFile; fileRef = 6CF8665822D8E9F900909AD6 /* ArticleModel.swift */; };
		6CF8666022DA34D000909AD6 /* ArticleViewModel.swift in Sources */ = {isa = PBXBuildFile; fileRef = 6CF8665F22DA34D000909AD6 /* ArticleViewModel.swift */; };
		6CF8666222DA353200909AD6 /* Main.storyboard in Resources */ = {isa = PBXBuildFile; fileRef = 6CF8666122DA353200909AD6 /* Main.storyboard */; };
		6CF8666422DA359300909AD6 /* ArticleCell.swift in Sources */ = {isa = PBXBuildFile; fileRef = 6CF8666322DA359300909AD6 /* ArticleCell.swift */; };
		6CF8666822DA393200909AD6 /* ArticleViewModelProtocol.swift in Sources */ = {isa = PBXBuildFile; fileRef = 6CF8666722DA393200909AD6 /* ArticleViewModelProtocol.swift */; };
		6CF8666E22DA4C8500909AD6 /* ArticleListViewController.swift in Sources */ = {isa = PBXBuildFile; fileRef = 6CF8666D22DA4C8500909AD6 /* ArticleListViewController.swift */; };
		6CF8667022DA4CD200909AD6 /* ArticleListViewModel.swift in Sources */ = {isa = PBXBuildFile; fileRef = 6CF8666F22DA4CD200909AD6 /* ArticleListViewModel.swift */; };
		6CF8667622DA4D2F00909AD6 /* ArticleListViewModelProtocol.swift in Sources */ = {isa = PBXBuildFile; fileRef = 6CF8667522DA4D2F00909AD6 /* ArticleListViewModelProtocol.swift */; };
		6CF8667822DA4D5600909AD6 /* ArticleListModel.swift in Sources */ = {isa = PBXBuildFile; fileRef = 6CF8667722DA4D5600909AD6 /* ArticleListModel.swift */; };
		6CF8667C22DA4DAC00909AD6 /* ArticleListModelProtocol.swift in Sources */ = {isa = PBXBuildFile; fileRef = 6CF8667B22DA4DAC00909AD6 /* ArticleListModelProtocol.swift */; };
		6CF8667E22DA4F7500909AD6 /* ArticleModelProtocol.swift in Sources */ = {isa = PBXBuildFile; fileRef = 6CF8666922DA397F00909AD6 /* ArticleModelProtocol.swift */; };
		6CF8668022DB338D00909AD6 /* UIImage+ResizeImage.swift in Sources */ = {isa = PBXBuildFile; fileRef = 6CF8667F22DB338D00909AD6 /* UIImage+ResizeImage.swift */; };
		6CF8668322DB515500909AD6 /* ArticleDetailViewController.swift in Sources */ = {isa = PBXBuildFile; fileRef = 6CF8668222DB515500909AD6 /* ArticleDetailViewController.swift */; };
		C131AC9AD04FA12D230D7087 /* Pods_UpTech.framework in Frameworks */ = {isa = PBXBuildFile; fileRef = 2EF5610F71F67A406B2098B7 /* Pods_UpTech.framework */; };
/* End PBXBuildFile section */

/* Begin PBXContainerItemProxy section */
		6C2E335C22D8CE3F0001A867 /* PBXContainerItemProxy */ = {
			isa = PBXContainerItemProxy;
			containerPortal = 6C2E333F22D8CE3E0001A867 /* Project object */;
			proxyType = 1;
			remoteGlobalIDString = 6C2E334622D8CE3E0001A867;
			remoteInfo = UpTech;
		};
/* End PBXContainerItemProxy section */

/* Begin PBXFileReference section */
		1793531597D8BE1D5828D14B /* Pods-UpTech.debug.xcconfig */ = {isa = PBXFileReference; includeInIndex = 1; lastKnownFileType = text.xcconfig; name = "Pods-UpTech.debug.xcconfig"; path = "Target Support Files/Pods-UpTech/Pods-UpTech.debug.xcconfig"; sourceTree = "<group>"; };
		2EF5610F71F67A406B2098B7 /* Pods_UpTech.framework */ = {isa = PBXFileReference; explicitFileType = wrapper.framework; includeInIndex = 0; path = Pods_UpTech.framework; sourceTree = BUILT_PRODUCTS_DIR; };
		6C2E334722D8CE3E0001A867 /* UpTech.app */ = {isa = PBXFileReference; explicitFileType = wrapper.application; includeInIndex = 0; path = UpTech.app; sourceTree = BUILT_PRODUCTS_DIR; };
		6C2E334A22D8CE3E0001A867 /* AppDelegate.swift */ = {isa = PBXFileReference; lastKnownFileType = sourcecode.swift; path = AppDelegate.swift; sourceTree = "<group>"; };
		6C2E335122D8CE3F0001A867 /* Assets.xcassets */ = {isa = PBXFileReference; lastKnownFileType = folder.assetcatalog; path = Assets.xcassets; sourceTree = "<group>"; };
		6C2E335422D8CE3F0001A867 /* Base */ = {isa = PBXFileReference; lastKnownFileType = file.storyboard; name = Base; path = Base.lproj/LaunchScreen.storyboard; sourceTree = "<group>"; };
		6C2E335622D8CE3F0001A867 /* Info.plist */ = {isa = PBXFileReference; lastKnownFileType = text.plist.xml; path = Info.plist; sourceTree = "<group>"; };
		6C2E335B22D8CE3F0001A867 /* UpTechTests.xctest */ = {isa = PBXFileReference; explicitFileType = wrapper.cfbundle; includeInIndex = 0; path = UpTechTests.xctest; sourceTree = BUILT_PRODUCTS_DIR; };
		6C2E336122D8CE3F0001A867 /* Info.plist */ = {isa = PBXFileReference; lastKnownFileType = text.plist.xml; path = Info.plist; sourceTree = "<group>"; };
		6C4E4C4222DE261300C50957 /* ArticleListViewModel_unitTests.swift */ = {isa = PBXFileReference; lastKnownFileType = sourcecode.swift; path = ArticleListViewModel_unitTests.swift; sourceTree = "<group>"; };
		6C4E4C4422DE264000C50957 /* ArticleListModel_mok.swift */ = {isa = PBXFileReference; lastKnownFileType = sourcecode.swift; path = ArticleListModel_mok.swift; sourceTree = "<group>"; };
		6CA59C0E22D8CFA500FD9F85 /* NetworkManager.swift */ = {isa = PBXFileReference; lastKnownFileType = sourcecode.swift; path = NetworkManager.swift; sourceTree = "<group>"; };
		6CB60BB616D220FBA2C170D8 /* Pods-UpTechTests.debug.xcconfig */ = {isa = PBXFileReference; includeInIndex = 1; lastKnownFileType = text.xcconfig; name = "Pods-UpTechTests.debug.xcconfig"; path = "Target Support Files/Pods-UpTechTests/Pods-UpTechTests.debug.xcconfig"; sourceTree = "<group>"; };
		6CE9EA0122DB5F7F00439DB7 /* Array+Subscript.swift */ = {isa = PBXFileReference; lastKnownFileType = sourcecode.swift; path = "Array+Subscript.swift"; sourceTree = "<group>"; };
		6CF8665522D8DA2C00909AD6 /* UpTech.xcdatamodel */ = {isa = PBXFileReference; lastKnownFileType = wrapper.xcdatamodel; path = UpTech.xcdatamodel; sourceTree = "<group>"; };
		6CF8665822D8E9F900909AD6 /* ArticleModel.swift */ = {isa = PBXFileReference; lastKnownFileType = sourcecode.swift; path = ArticleModel.swift; sourceTree = "<group>"; };
		6CF8665B22DA346500909AD6 /* DataStorageManager.swift */ = {isa = PBXFileReference; lastKnownFileType = sourcecode.swift; path = DataStorageManager.swift; sourceTree = "<group>"; };
		6CF8665F22DA34D000909AD6 /* ArticleViewModel.swift */ = {isa = PBXFileReference; lastKnownFileType = sourcecode.swift; path = ArticleViewModel.swift; sourceTree = "<group>"; };
		6CF8666122DA353200909AD6 /* Main.storyboard */ = {isa = PBXFileReference; fileEncoding = 4; lastKnownFileType = file.storyboard; path = Main.storyboard; sourceTree = "<group>"; };
		6CF8666322DA359300909AD6 /* ArticleCell.swift */ = {isa = PBXFileReference; lastKnownFileType = sourcecode.swift; path = ArticleCell.swift; sourceTree = "<group>"; };
		6CF8666722DA393200909AD6 /* ArticleViewModelProtocol.swift */ = {isa = PBXFileReference; lastKnownFileType = sourcecode.swift; path = ArticleViewModelProtocol.swift; sourceTree = "<group>"; };
		6CF8666922DA397F00909AD6 /* ArticleModelProtocol.swift */ = {isa = PBXFileReference; lastKnownFileType = sourcecode.swift; path = ArticleModelProtocol.swift; sourceTree = "<group>"; };
		6CF8666D22DA4C8500909AD6 /* ArticleListViewController.swift */ = {isa = PBXFileReference; lastKnownFileType = sourcecode.swift; path = ArticleListViewController.swift; sourceTree = "<group>"; };
		6CF8666F22DA4CD200909AD6 /* ArticleListViewModel.swift */ = {isa = PBXFileReference; lastKnownFileType = sourcecode.swift; path = ArticleListViewModel.swift; sourceTree = "<group>"; };
		6CF8667522DA4D2F00909AD6 /* ArticleListViewModelProtocol.swift */ = {isa = PBXFileReference; lastKnownFileType = sourcecode.swift; path = ArticleListViewModelProtocol.swift; sourceTree = "<group>"; };
		6CF8667722DA4D5600909AD6 /* ArticleListModel.swift */ = {isa = PBXFileReference; lastKnownFileType = sourcecode.swift; path = ArticleListModel.swift; sourceTree = "<group>"; };
		6CF8667B22DA4DAC00909AD6 /* ArticleListModelProtocol.swift */ = {isa = PBXFileReference; lastKnownFileType = sourcecode.swift; path = ArticleListModelProtocol.swift; sourceTree = "<group>"; };
		6CF8667F22DB338D00909AD6 /* UIImage+ResizeImage.swift */ = {isa = PBXFileReference; lastKnownFileType = sourcecode.swift; path = "UIImage+ResizeImage.swift"; sourceTree = "<group>"; };
		6CF8668222DB515500909AD6 /* ArticleDetailViewController.swift */ = {isa = PBXFileReference; lastKnownFileType = sourcecode.swift; path = ArticleDetailViewController.swift; sourceTree = "<group>"; };
		ED21B28F36C461ECBBC28149 /* Pods-UpTechTests.release.xcconfig */ = {isa = PBXFileReference; includeInIndex = 1; lastKnownFileType = text.xcconfig; name = "Pods-UpTechTests.release.xcconfig"; path = "Target Support Files/Pods-UpTechTests/Pods-UpTechTests.release.xcconfig"; sourceTree = "<group>"; };
		F31A3432878E0C9A3BCC812D /* Pods_UpTechTests.framework */ = {isa = PBXFileReference; explicitFileType = wrapper.framework; includeInIndex = 0; path = Pods_UpTechTests.framework; sourceTree = BUILT_PRODUCTS_DIR; };
		F92970A81A43618CE82A2E01 /* Pods-UpTech.release.xcconfig */ = {isa = PBXFileReference; includeInIndex = 1; lastKnownFileType = text.xcconfig; name = "Pods-UpTech.release.xcconfig"; path = "Target Support Files/Pods-UpTech/Pods-UpTech.release.xcconfig"; sourceTree = "<group>"; };
/* End PBXFileReference section */

/* Begin PBXFrameworksBuildPhase section */
		6C2E334422D8CE3E0001A867 /* Frameworks */ = {
			isa = PBXFrameworksBuildPhase;
			buildActionMask = 2147483647;
			files = (
				C131AC9AD04FA12D230D7087 /* Pods_UpTech.framework in Frameworks */,
			);
			runOnlyForDeploymentPostprocessing = 0;
		};
		6C2E335822D8CE3F0001A867 /* Frameworks */ = {
			isa = PBXFrameworksBuildPhase;
			buildActionMask = 2147483647;
			files = (
				30509FFFABF469FF6108B6CC /* Pods_UpTechTests.framework in Frameworks */,
			);
			runOnlyForDeploymentPostprocessing = 0;
		};
/* End PBXFrameworksBuildPhase section */

/* Begin PBXGroup section */
		6C2E333E22D8CE3E0001A867 = {
			isa = PBXGroup;
			children = (
				6C2E334922D8CE3E0001A867 /* UpTech */,
				6C2E335E22D8CE3F0001A867 /* UpTechTests */,
				6C2E334822D8CE3E0001A867 /* Products */,
				F54E464D291E12FA5ACC8150 /* Pods */,
				866DD095B73AE9FFCFB01D16 /* Frameworks */,
			);
			sourceTree = "<group>";
		};
		6C2E334822D8CE3E0001A867 /* Products */ = {
			isa = PBXGroup;
			children = (
				6C2E334722D8CE3E0001A867 /* UpTech.app */,
				6C2E335B22D8CE3F0001A867 /* UpTechTests.xctest */,
			);
			name = Products;
			sourceTree = "<group>";
		};
		6C2E334922D8CE3E0001A867 /* UpTech */ = {
			isa = PBXGroup;
			children = (
				6CF8666122DA353200909AD6 /* Main.storyboard */,
				6CA59C0E22D8CFA500FD9F85 /* NetworkManager.swift */,
				6CF8665B22DA346500909AD6 /* DataStorageManager.swift */,
				6CF8667F22DB338D00909AD6 /* UIImage+ResizeImage.swift */,
				6CE9EA0122DB5F7F00439DB7 /* Array+Subscript.swift */,
				6CF8665A22DA337600909AD6 /* List */,
				6CF8668122DB38DD00909AD6 /* Details */,
				6CF8665722D8DA7100909AD6 /* Supporting Files */,
			);
			path = UpTech;
			sourceTree = "<group>";
		};
		6C2E335E22D8CE3F0001A867 /* UpTechTests */ = {
			isa = PBXGroup;
			children = (
				6C4E4C4122DE238600C50957 /* Tests */,
				6C4E4C3822DE229B00C50957 /* MokEntities */,
				6C2E336122D8CE3F0001A867 /* Info.plist */,
			);
			path = UpTechTests;
			sourceTree = "<group>";
		};
		6C4E4C3822DE229B00C50957 /* MokEntities */ = {
			isa = PBXGroup;
			children = (
				6C4E4C4422DE264000C50957 /* ArticleListModel_mok.swift */,
			);
			path = MokEntities;
			sourceTree = "<group>";
		};
		6C4E4C4122DE238600C50957 /* Tests */ = {
			isa = PBXGroup;
			children = (
				6C4E4C4222DE261300C50957 /* ArticleListViewModel_unitTests.swift */,
			);
			path = Tests;
			sourceTree = "<group>";
		};
		6CA59C1022D8D73600FD9F85 /* View */ = {
			isa = PBXGroup;
			children = (
				6CF8666322DA359300909AD6 /* ArticleCell.swift */,
			);
			path = View;
			sourceTree = "<group>";
		};
		6CA59C1122D8D73B00FD9F85 /* ViewModel */ = {
			isa = PBXGroup;
			children = (
				6CF8665F22DA34D000909AD6 /* ArticleViewModel.swift */,
				6CF8666722DA393200909AD6 /* ArticleViewModelProtocol.swift */,
			);
			path = ViewModel;
			sourceTree = "<group>";
		};
		6CA59C1222D8D74000FD9F85 /* Model */ = {
			isa = PBXGroup;
			children = (
				6CF8665822D8E9F900909AD6 /* ArticleModel.swift */,
				6CF8666922DA397F00909AD6 /* ArticleModelProtocol.swift */,
			);
			path = Model;
			sourceTree = "<group>";
		};
		6CF8665722D8DA7100909AD6 /* Supporting Files */ = {
			isa = PBXGroup;
			children = (
				6C2E334A22D8CE3E0001A867 /* AppDelegate.swift */,
				6C2E335122D8CE3F0001A867 /* Assets.xcassets */,
				6C2E335322D8CE3F0001A867 /* LaunchScreen.storyboard */,
				6C2E335622D8CE3F0001A867 /* Info.plist */,
				6CF8665422D8DA2C00909AD6 /* UpTech.xcdatamodeld */,
			);
			path = "Supporting Files";
			sourceTree = "<group>";
		};
		6CF8665A22DA337600909AD6 /* List */ = {
			isa = PBXGroup;
			children = (
				6CF8667D22DA4EE600909AD6 /* ArticleCell */,
				6CF8667122DA4D0600909AD6 /* ViewController */,
			);
			path = List;
			sourceTree = "<group>";
		};
		6CF8667122DA4D0600909AD6 /* ViewController */ = {
			isa = PBXGroup;
			children = (
				6CF8667422DA4D1700909AD6 /* Model */,
				6CF8667322DA4D1300909AD6 /* View */,
				6CF8667222DA4D0D00909AD6 /* ViewModel */,
			);
			path = ViewController;
			sourceTree = "<group>";
		};
		6CF8667222DA4D0D00909AD6 /* ViewModel */ = {
			isa = PBXGroup;
			children = (
				6CF8666F22DA4CD200909AD6 /* ArticleListViewModel.swift */,
				6CF8667522DA4D2F00909AD6 /* ArticleListViewModelProtocol.swift */,
			);
			path = ViewModel;
			sourceTree = "<group>";
		};
		6CF8667322DA4D1300909AD6 /* View */ = {
			isa = PBXGroup;
			children = (
				6CF8666D22DA4C8500909AD6 /* ArticleListViewController.swift */,
			);
			path = View;
			sourceTree = "<group>";
		};
		6CF8667422DA4D1700909AD6 /* Model */ = {
			isa = PBXGroup;
			children = (
				6CF8667722DA4D5600909AD6 /* ArticleListModel.swift */,
				6CF8667B22DA4DAC00909AD6 /* ArticleListModelProtocol.swift */,
			);
			path = Model;
			sourceTree = "<group>";
		};
		6CF8667D22DA4EE600909AD6 /* ArticleCell */ = {
			isa = PBXGroup;
			children = (
				6CA59C1222D8D74000FD9F85 /* Model */,
				6CA59C1022D8D73600FD9F85 /* View */,
				6CA59C1122D8D73B00FD9F85 /* ViewModel */,
			);
			path = ArticleCell;
			sourceTree = "<group>";
		};
		6CF8668122DB38DD00909AD6 /* Details */ = {
			isa = PBXGroup;
			children = (
				6CF8668222DB515500909AD6 /* ArticleDetailViewController.swift */,
			);
			path = Details;
			sourceTree = "<group>";
		};
		866DD095B73AE9FFCFB01D16 /* Frameworks */ = {
			isa = PBXGroup;
			children = (
				2EF5610F71F67A406B2098B7 /* Pods_UpTech.framework */,
				F31A3432878E0C9A3BCC812D /* Pods_UpTechTests.framework */,
			);
			name = Frameworks;
			sourceTree = "<group>";
		};
		F54E464D291E12FA5ACC8150 /* Pods */ = {
			isa = PBXGroup;
			children = (
				1793531597D8BE1D5828D14B /* Pods-UpTech.debug.xcconfig */,
				F92970A81A43618CE82A2E01 /* Pods-UpTech.release.xcconfig */,
				6CB60BB616D220FBA2C170D8 /* Pods-UpTechTests.debug.xcconfig */,
				ED21B28F36C461ECBBC28149 /* Pods-UpTechTests.release.xcconfig */,
			);
			path = Pods;
			sourceTree = "<group>";
		};
/* End PBXGroup section */

/* Begin PBXNativeTarget section */
		6C2E334622D8CE3E0001A867 /* UpTech */ = {
			isa = PBXNativeTarget;
			buildConfigurationList = 6C2E336422D8CE3F0001A867 /* Build configuration list for PBXNativeTarget "UpTech" */;
			buildPhases = (
				C7DF2AE1F1FD638F98D4CCE0 /* [CP] Check Pods Manifest.lock */,
				6C2E334322D8CE3E0001A867 /* Sources */,
				6C2E334422D8CE3E0001A867 /* Frameworks */,
				6C2E334522D8CE3E0001A867 /* Resources */,
				E6FD80D27C2727CFBBCE38E5 /* [CP] Embed Pods Frameworks */,
			);
			buildRules = (
			);
			dependencies = (
			);
			name = UpTech;
			productName = UpTech;
			productReference = 6C2E334722D8CE3E0001A867 /* UpTech.app */;
			productType = "com.apple.product-type.application";
		};
		6C2E335A22D8CE3F0001A867 /* UpTechTests */ = {
			isa = PBXNativeTarget;
			buildConfigurationList = 6C2E336722D8CE3F0001A867 /* Build configuration list for PBXNativeTarget "UpTechTests" */;
			buildPhases = (
				FCE8B2ADDA133A5AB0E498B7 /* [CP] Check Pods Manifest.lock */,
				6C2E335722D8CE3F0001A867 /* Sources */,
				6C2E335822D8CE3F0001A867 /* Frameworks */,
				6C2E335922D8CE3F0001A867 /* Resources */,
			);
			buildRules = (
			);
			dependencies = (
				6C2E335D22D8CE3F0001A867 /* PBXTargetDependency */,
			);
			name = UpTechTests;
			productName = UpTechTests;
			productReference = 6C2E335B22D8CE3F0001A867 /* UpTechTests.xctest */;
			productType = "com.apple.product-type.bundle.unit-test";
		};
/* End PBXNativeTarget section */

/* Begin PBXProject section */
		6C2E333F22D8CE3E0001A867 /* Project object */ = {
			isa = PBXProject;
			attributes = {
				LastSwiftUpdateCheck = 1020;
				LastUpgradeCheck = 1020;
				ORGANIZATIONNAME = ArtemZinkov;
				TargetAttributes = {
					6C2E334622D8CE3E0001A867 = {
						CreatedOnToolsVersion = 10.2.1;
					};
					6C2E335A22D8CE3F0001A867 = {
						CreatedOnToolsVersion = 10.2.1;
						TestTargetID = 6C2E334622D8CE3E0001A867;
					};
				};
			};
			buildConfigurationList = 6C2E334222D8CE3E0001A867 /* Build configuration list for PBXProject "UpTech" */;
			compatibilityVersion = "Xcode 9.3";
			developmentRegion = en;
			hasScannedForEncodings = 0;
			knownRegions = (
				en,
				Base,
			);
			mainGroup = 6C2E333E22D8CE3E0001A867;
			productRefGroup = 6C2E334822D8CE3E0001A867 /* Products */;
			projectDirPath = "";
			projectRoot = "";
			targets = (
				6C2E334622D8CE3E0001A867 /* UpTech */,
				6C2E335A22D8CE3F0001A867 /* UpTechTests */,
			);
		};
/* End PBXProject section */

/* Begin PBXResourcesBuildPhase section */
		6C2E334522D8CE3E0001A867 /* Resources */ = {
			isa = PBXResourcesBuildPhase;
			buildActionMask = 2147483647;
			files = (
				6C2E335522D8CE3F0001A867 /* LaunchScreen.storyboard in Resources */,
				6C2E335222D8CE3F0001A867 /* Assets.xcassets in Resources */,
				6CF8666222DA353200909AD6 /* Main.storyboard in Resources */,
			);
			runOnlyForDeploymentPostprocessing = 0;
		};
		6C2E335922D8CE3F0001A867 /* Resources */ = {
			isa = PBXResourcesBuildPhase;
			buildActionMask = 2147483647;
			files = (
			);
			runOnlyForDeploymentPostprocessing = 0;
		};
/* End PBXResourcesBuildPhase section */

/* Begin PBXShellScriptBuildPhase section */
		C7DF2AE1F1FD638F98D4CCE0 /* [CP] Check Pods Manifest.lock */ = {
			isa = PBXShellScriptBuildPhase;
			buildActionMask = 2147483647;
			files = (
			);
			inputFileListPaths = (
			);
			inputPaths = (
				"${PODS_PODFILE_DIR_PATH}/Podfile.lock",
				"${PODS_ROOT}/Manifest.lock",
			);
			name = "[CP] Check Pods Manifest.lock";
			outputFileListPaths = (
			);
			outputPaths = (
				"$(DERIVED_FILE_DIR)/Pods-UpTech-checkManifestLockResult.txt",
			);
			runOnlyForDeploymentPostprocessing = 0;
			shellPath = /bin/sh;
			shellScript = "diff \"${PODS_PODFILE_DIR_PATH}/Podfile.lock\" \"${PODS_ROOT}/Manifest.lock\" > /dev/null\nif [ $? != 0 ] ; then\n    # print error to STDERR\n    echo \"error: The sandbox is not in sync with the Podfile.lock. Run 'pod install' or update your CocoaPods installation.\" >&2\n    exit 1\nfi\n# This output is used by Xcode 'outputs' to avoid re-running this script phase.\necho \"SUCCESS\" > \"${SCRIPT_OUTPUT_FILE_0}\"\n";
			showEnvVarsInLog = 0;
		};
		E6FD80D27C2727CFBBCE38E5 /* [CP] Embed Pods Frameworks */ = {
			isa = PBXShellScriptBuildPhase;
			buildActionMask = 2147483647;
			files = (
			);
			inputFileListPaths = (
			);
			inputPaths = (
				"${PODS_ROOT}/Target Support Files/Pods-UpTech/Pods-UpTech-frameworks.sh",
				"${BUILT_PRODUCTS_DIR}/ReachabilitySwift/Reachability.framework",
				"${BUILT_PRODUCTS_DIR}/RxCocoa/RxCocoa.framework",
				"${BUILT_PRODUCTS_DIR}/RxSwift/RxSwift.framework",
			);
			name = "[CP] Embed Pods Frameworks";
			outputFileListPaths = (
			);
			outputPaths = (
				"${TARGET_BUILD_DIR}/${FRAMEWORKS_FOLDER_PATH}/Reachability.framework",
				"${TARGET_BUILD_DIR}/${FRAMEWORKS_FOLDER_PATH}/RxCocoa.framework",
				"${TARGET_BUILD_DIR}/${FRAMEWORKS_FOLDER_PATH}/RxSwift.framework",
			);
			runOnlyForDeploymentPostprocessing = 0;
			shellPath = /bin/sh;
			shellScript = "\"${PODS_ROOT}/Target Support Files/Pods-UpTech/Pods-UpTech-frameworks.sh\"\n";
			showEnvVarsInLog = 0;
		};
		FCE8B2ADDA133A5AB0E498B7 /* [CP] Check Pods Manifest.lock */ = {
			isa = PBXShellScriptBuildPhase;
			buildActionMask = 2147483647;
			files = (
			);
			inputFileListPaths = (
			);
			inputPaths = (
				"${PODS_PODFILE_DIR_PATH}/Podfile.lock",
				"${PODS_ROOT}/Manifest.lock",
			);
			name = "[CP] Check Pods Manifest.lock";
			outputFileListPaths = (
			);
			outputPaths = (
				"$(DERIVED_FILE_DIR)/Pods-UpTechTests-checkManifestLockResult.txt",
			);
			runOnlyForDeploymentPostprocessing = 0;
			shellPath = /bin/sh;
			shellScript = "diff \"${PODS_PODFILE_DIR_PATH}/Podfile.lock\" \"${PODS_ROOT}/Manifest.lock\" > /dev/null\nif [ $? != 0 ] ; then\n    # print error to STDERR\n    echo \"error: The sandbox is not in sync with the Podfile.lock. Run 'pod install' or update your CocoaPods installation.\" >&2\n    exit 1\nfi\n# This output is used by Xcode 'outputs' to avoid re-running this script phase.\necho \"SUCCESS\" > \"${SCRIPT_OUTPUT_FILE_0}\"\n";
			showEnvVarsInLog = 0;
		};
/* End PBXShellScriptBuildPhase section */

/* Begin PBXSourcesBuildPhase section */
		6C2E334322D8CE3E0001A867 /* Sources */ = {
			isa = PBXSourcesBuildPhase;
			buildActionMask = 2147483647;
			files = (
				6CF8667E22DA4F7500909AD6 /* ArticleModelProtocol.swift in Sources */,
				6CF8666422DA359300909AD6 /* ArticleCell.swift in Sources */,
				6CF8665622D8DA2C00909AD6 /* UpTech.xcdatamodeld in Sources */,
				6CF8666822DA393200909AD6 /* ArticleViewModelProtocol.swift in Sources */,
				6CF8665922D8E9F900909AD6 /* ArticleModel.swift in Sources */,
				6CA59C0F22D8CFA500FD9F85 /* NetworkManager.swift in Sources */,
				6CF8667622DA4D2F00909AD6 /* ArticleListViewModelProtocol.swift in Sources */,
				6CF8666E22DA4C8500909AD6 /* ArticleListViewController.swift in Sources */,
				6CC51D9122DCD5C5005C3D91 /* DataStorageManager.swift in Sources */,
				6CF8666022DA34D000909AD6 /* ArticleViewModel.swift in Sources */,
				6CE9EA0222DB5F7F00439DB7 /* Array+Subscript.swift in Sources */,
				6CF8667022DA4CD200909AD6 /* ArticleListViewModel.swift in Sources */,
				6C2E334B22D8CE3E0001A867 /* AppDelegate.swift in Sources */,
				6CF8667C22DA4DAC00909AD6 /* ArticleListModelProtocol.swift in Sources */,
				6CF8667822DA4D5600909AD6 /* ArticleListModel.swift in Sources */,
				6CF8668022DB338D00909AD6 /* UIImage+ResizeImage.swift in Sources */,
				6CF8668322DB515500909AD6 /* ArticleDetailViewController.swift in Sources */,
			);
			runOnlyForDeploymentPostprocessing = 0;
		};
		6C2E335722D8CE3F0001A867 /* Sources */ = {
			isa = PBXSourcesBuildPhase;
			buildActionMask = 2147483647;
			files = (
				6C4E4C4322DE261300C50957 /* ArticleListViewModel_unitTests.swift in Sources */,
				6C4E4C4522DE264000C50957 /* ArticleListModel_mok.swift in Sources */,
			);
			runOnlyForDeploymentPostprocessing = 0;
		};
/* End PBXSourcesBuildPhase section */

/* Begin PBXTargetDependency section */
		6C2E335D22D8CE3F0001A867 /* PBXTargetDependency */ = {
			isa = PBXTargetDependency;
			target = 6C2E334622D8CE3E0001A867 /* UpTech */;
			targetProxy = 6C2E335C22D8CE3F0001A867 /* PBXContainerItemProxy */;
		};
/* End PBXTargetDependency section */

/* Begin PBXVariantGroup section */
		6C2E335322D8CE3F0001A867 /* LaunchScreen.storyboard */ = {
			isa = PBXVariantGroup;
			children = (
				6C2E335422D8CE3F0001A867 /* Base */,
			);
			name = LaunchScreen.storyboard;
			sourceTree = "<group>";
		};
/* End PBXVariantGroup section */

/* Begin XCBuildConfiguration section */
		6C2E336222D8CE3F0001A867 /* Debug */ = {
			isa = XCBuildConfiguration;
			buildSettings = {
				ALWAYS_SEARCH_USER_PATHS = NO;
				CLANG_ANALYZER_NONNULL = YES;
				CLANG_ANALYZER_NUMBER_OBJECT_CONVERSION = YES_AGGRESSIVE;
				CLANG_CXX_LANGUAGE_STANDARD = "gnu++14";
				CLANG_CXX_LIBRARY = "libc++";
				CLANG_ENABLE_MODULES = YES;
				CLANG_ENABLE_OBJC_ARC = YES;
				CLANG_ENABLE_OBJC_WEAK = YES;
				CLANG_WARN_BLOCK_CAPTURE_AUTORELEASING = YES;
				CLANG_WARN_BOOL_CONVERSION = YES;
				CLANG_WARN_COMMA = YES;
				CLANG_WARN_CONSTANT_CONVERSION = YES;
				CLANG_WARN_DEPRECATED_OBJC_IMPLEMENTATIONS = YES;
				CLANG_WARN_DIRECT_OBJC_ISA_USAGE = YES_ERROR;
				CLANG_WARN_DOCUMENTATION_COMMENTS = YES;
				CLANG_WARN_EMPTY_BODY = YES;
				CLANG_WARN_ENUM_CONVERSION = YES;
				CLANG_WARN_INFINITE_RECURSION = YES;
				CLANG_WARN_INT_CONVERSION = YES;
				CLANG_WARN_NON_LITERAL_NULL_CONVERSION = YES;
				CLANG_WARN_OBJC_IMPLICIT_RETAIN_SELF = YES;
				CLANG_WARN_OBJC_LITERAL_CONVERSION = YES;
				CLANG_WARN_OBJC_ROOT_CLASS = YES_ERROR;
				CLANG_WARN_RANGE_LOOP_ANALYSIS = YES;
				CLANG_WARN_STRICT_PROTOTYPES = YES;
				CLANG_WARN_SUSPICIOUS_MOVE = YES;
				CLANG_WARN_UNGUARDED_AVAILABILITY = YES_AGGRESSIVE;
				CLANG_WARN_UNREACHABLE_CODE = YES;
				CLANG_WARN__DUPLICATE_METHOD_MATCH = YES;
				CODE_SIGN_IDENTITY = "iPhone Developer";
				COPY_PHASE_STRIP = NO;
				DEBUG_INFORMATION_FORMAT = dwarf;
				ENABLE_STRICT_OBJC_MSGSEND = YES;
				ENABLE_TESTABILITY = YES;
				GCC_C_LANGUAGE_STANDARD = gnu11;
				GCC_DYNAMIC_NO_PIC = NO;
				GCC_NO_COMMON_BLOCKS = YES;
				GCC_OPTIMIZATION_LEVEL = 0;
				GCC_PREPROCESSOR_DEFINITIONS = (
					"DEBUG=1",
					"$(inherited)",
				);
				GCC_WARN_64_TO_32_BIT_CONVERSION = YES;
				GCC_WARN_ABOUT_RETURN_TYPE = YES_ERROR;
				GCC_WARN_UNDECLARED_SELECTOR = YES;
				GCC_WARN_UNINITIALIZED_AUTOS = YES_AGGRESSIVE;
				GCC_WARN_UNUSED_FUNCTION = YES;
				GCC_WARN_UNUSED_VARIABLE = YES;
				IPHONEOS_DEPLOYMENT_TARGET = 12.2;
				MTL_ENABLE_DEBUG_INFO = INCLUDE_SOURCE;
				MTL_FAST_MATH = YES;
				ONLY_ACTIVE_ARCH = YES;
				SDKROOT = iphoneos;
				SWIFT_ACTIVE_COMPILATION_CONDITIONS = DEBUG;
				SWIFT_OPTIMIZATION_LEVEL = "-Onone";
			};
			name = Debug;
		};
		6C2E336322D8CE3F0001A867 /* Release */ = {
			isa = XCBuildConfiguration;
			buildSettings = {
				ALWAYS_SEARCH_USER_PATHS = NO;
				CLANG_ANALYZER_NONNULL = YES;
				CLANG_ANALYZER_NUMBER_OBJECT_CONVERSION = YES_AGGRESSIVE;
				CLANG_CXX_LANGUAGE_STANDARD = "gnu++14";
				CLANG_CXX_LIBRARY = "libc++";
				CLANG_ENABLE_MODULES = YES;
				CLANG_ENABLE_OBJC_ARC = YES;
				CLANG_ENABLE_OBJC_WEAK = YES;
				CLANG_WARN_BLOCK_CAPTURE_AUTORELEASING = YES;
				CLANG_WARN_BOOL_CONVERSION = YES;
				CLANG_WARN_COMMA = YES;
				CLANG_WARN_CONSTANT_CONVERSION = YES;
				CLANG_WARN_DEPRECATED_OBJC_IMPLEMENTATIONS = YES;
				CLANG_WARN_DIRECT_OBJC_ISA_USAGE = YES_ERROR;
				CLANG_WARN_DOCUMENTATION_COMMENTS = YES;
				CLANG_WARN_EMPTY_BODY = YES;
				CLANG_WARN_ENUM_CONVERSION = YES;
				CLANG_WARN_INFINITE_RECURSION = YES;
				CLANG_WARN_INT_CONVERSION = YES;
				CLANG_WARN_NON_LITERAL_NULL_CONVERSION = YES;
				CLANG_WARN_OBJC_IMPLICIT_RETAIN_SELF = YES;
				CLANG_WARN_OBJC_LITERAL_CONVERSION = YES;
				CLANG_WARN_OBJC_ROOT_CLASS = YES_ERROR;
				CLANG_WARN_RANGE_LOOP_ANALYSIS = YES;
				CLANG_WARN_STRICT_PROTOTYPES = YES;
				CLANG_WARN_SUSPICIOUS_MOVE = YES;
				CLANG_WARN_UNGUARDED_AVAILABILITY = YES_AGGRESSIVE;
				CLANG_WARN_UNREACHABLE_CODE = YES;
				CLANG_WARN__DUPLICATE_METHOD_MATCH = YES;
				CODE_SIGN_IDENTITY = "iPhone Developer";
				COPY_PHASE_STRIP = NO;
				DEBUG_INFORMATION_FORMAT = "dwarf-with-dsym";
				ENABLE_NS_ASSERTIONS = NO;
				ENABLE_STRICT_OBJC_MSGSEND = YES;
				GCC_C_LANGUAGE_STANDARD = gnu11;
				GCC_NO_COMMON_BLOCKS = YES;
				GCC_WARN_64_TO_32_BIT_CONVERSION = YES;
				GCC_WARN_ABOUT_RETURN_TYPE = YES_ERROR;
				GCC_WARN_UNDECLARED_SELECTOR = YES;
				GCC_WARN_UNINITIALIZED_AUTOS = YES_AGGRESSIVE;
				GCC_WARN_UNUSED_FUNCTION = YES;
				GCC_WARN_UNUSED_VARIABLE = YES;
				IPHONEOS_DEPLOYMENT_TARGET = 12.2;
				MTL_ENABLE_DEBUG_INFO = NO;
				MTL_FAST_MATH = YES;
				SDKROOT = iphoneos;
				SWIFT_COMPILATION_MODE = wholemodule;
				SWIFT_OPTIMIZATION_LEVEL = "-O";
				VALIDATE_PRODUCT = YES;
			};
			name = Release;
		};
		6C2E336522D8CE3F0001A867 /* Debug */ = {
			isa = XCBuildConfiguration;
			baseConfigurationReference = 1793531597D8BE1D5828D14B /* Pods-UpTech.debug.xcconfig */;
			buildSettings = {
				ASSETCATALOG_COMPILER_APPICON_NAME = AppIcon;
				CODE_SIGN_IDENTITY = "iPhone Developer";
				CODE_SIGN_STYLE = Automatic;
				DEVELOPMENT_TEAM = JE5R4U2ZLM;
				INFOPLIST_FILE = "$(SRCROOT)/UpTech/Supporting Files/Info.plist";
				LD_RUNPATH_SEARCH_PATHS = (
					"$(inherited)",
					"@executable_path/Frameworks",
				);
				PRODUCT_BUNDLE_IDENTIFIER = com.ArtemZinkov.UpTech;
				PRODUCT_NAME = "$(TARGET_NAME)";
				PROVISIONING_PROFILE_SPECIFIER = "";
				SWIFT_VERSION = 4.2;
				TARGETED_DEVICE_FAMILY = "1,2";
			};
			name = Debug;
		};
		6C2E336622D8CE3F0001A867 /* Release */ = {
			isa = XCBuildConfiguration;
			baseConfigurationReference = F92970A81A43618CE82A2E01 /* Pods-UpTech.release.xcconfig */;
			buildSettings = {
				ASSETCATALOG_COMPILER_APPICON_NAME = AppIcon;
				CODE_SIGN_IDENTITY = "iPhone Developer";
				CODE_SIGN_STYLE = Automatic;
				DEVELOPMENT_TEAM = JE5R4U2ZLM;
				INFOPLIST_FILE = "$(SRCROOT)/UpTech/Supporting Files/Info.plist";
				LD_RUNPATH_SEARCH_PATHS = (
					"$(inherited)",
					"@executable_path/Frameworks",
				);
				PRODUCT_BUNDLE_IDENTIFIER = com.ArtemZinkov.UpTech;
				PRODUCT_NAME = "$(TARGET_NAME)";
				PROVISIONING_PROFILE_SPECIFIER = "";
				SWIFT_VERSION = 4.2;
				TARGETED_DEVICE_FAMILY = "1,2";
			};
			name = Release;
		};
		6C2E336822D8CE3F0001A867 /* Debug */ = {
			isa = XCBuildConfiguration;
			baseConfigurationReference = 6CB60BB616D220FBA2C170D8 /* Pods-UpTechTests.debug.xcconfig */;
			buildSettings = {
				ALWAYS_EMBED_SWIFT_STANDARD_LIBRARIES = YES;
				BUNDLE_LOADER = "$(TEST_HOST)";
				CODE_SIGN_STYLE = Automatic;
				DEVELOPMENT_TEAM = JE5R4U2ZLM;
				INFOPLIST_FILE = UpTechTests/Info.plist;
				LD_RUNPATH_SEARCH_PATHS = (
					"$(inherited)",
					"@executable_path/Frameworks",
					"@loader_path/Frameworks",
				);
				PRODUCT_BUNDLE_IDENTIFIER = com.ArtemZinkov.UpTechTests;
				PRODUCT_NAME = "$(TARGET_NAME)";
				SWIFT_VERSION = 5.0;
				TARGETED_DEVICE_FAMILY = "1,2";
				TEST_HOST = "$(BUILT_PRODUCTS_DIR)/UpTech.app/UpTech";
			};
			name = Debug;
		};
		6C2E336922D8CE3F0001A867 /* Release */ = {
			isa = XCBuildConfiguration;
			baseConfigurationReference = ED21B28F36C461ECBBC28149 /* Pods-UpTechTests.release.xcconfig */;
			buildSettings = {
				ALWAYS_EMBED_SWIFT_STANDARD_LIBRARIES = YES;
				BUNDLE_LOADER = "$(TEST_HOST)";
				CODE_SIGN_STYLE = Automatic;
				DEVELOPMENT_TEAM = JE5R4U2ZLM;
				INFOPLIST_FILE = UpTechTests/Info.plist;
				LD_RUNPATH_SEARCH_PATHS = (
					"$(inherited)",
					"@executable_path/Frameworks",
					"@loader_path/Frameworks",
				);
				PRODUCT_BUNDLE_IDENTIFIER = com.ArtemZinkov.UpTechTests;
				PRODUCT_NAME = "$(TARGET_NAME)";
				SWIFT_VERSION = 5.0;
				TARGETED_DEVICE_FAMILY = "1,2";
				TEST_HOST = "$(BUILT_PRODUCTS_DIR)/UpTech.app/UpTech";
			};
			name = Release;
		};
/* End XCBuildConfiguration section */

/* Begin XCConfigurationList section */
		6C2E334222D8CE3E0001A867 /* Build configuration list for PBXProject "UpTech" */ = {
			isa = XCConfigurationList;
			buildConfigurations = (
				6C2E336222D8CE3F0001A867 /* Debug */,
				6C2E336322D8CE3F0001A867 /* Release */,
			);
			defaultConfigurationIsVisible = 0;
			defaultConfigurationName = Release;
		};
		6C2E336422D8CE3F0001A867 /* Build configuration list for PBXNativeTarget "UpTech" */ = {
			isa = XCConfigurationList;
			buildConfigurations = (
				6C2E336522D8CE3F0001A867 /* Debug */,
				6C2E336622D8CE3F0001A867 /* Release */,
			);
			defaultConfigurationIsVisible = 0;
			defaultConfigurationName = Release;
		};
		6C2E336722D8CE3F0001A867 /* Build configuration list for PBXNativeTarget "UpTechTests" */ = {
			isa = XCConfigurationList;
			buildConfigurations = (
				6C2E336822D8CE3F0001A867 /* Debug */,
				6C2E336922D8CE3F0001A867 /* Release */,
			);
			defaultConfigurationIsVisible = 0;
			defaultConfigurationName = Release;
		};
/* End XCConfigurationList section */

/* Begin XCVersionGroup section */
		6CF8665422D8DA2C00909AD6 /* UpTech.xcdatamodeld */ = {
			isa = XCVersionGroup;
			children = (
				6CF8665522D8DA2C00909AD6 /* UpTech.xcdatamodel */,
			);
			currentVersion = 6CF8665522D8DA2C00909AD6 /* UpTech.xcdatamodel */;
			path = UpTech.xcdatamodeld;
			sourceTree = "<group>";
			versionGroupType = wrapper.xcdatamodel;
		};
/* End XCVersionGroup section */
	};
	rootObject = 6C2E333F22D8CE3E0001A867 /* Project object */;
}
